
Microsoft Visual Studio Solution File, Format Version 12.00
# Visual Studio Version 16
VisualStudioVersion = 16.0.29709.97
MinimumVisualStudioVersion = 10.0.40219.1
Project("{9A19103F-16F7-4668-BE54-9A1E7A4F7556}") = "UISS", "UISS\UISS.csproj", "{3BA1E652-5535-47A8-A27F-312AE0A8CA4C}"
EndProject
Project("{FAE04EC0-301F-11D3-BF4B-00C04F79EFBC}") = "UISS.Services", "UISS.Services\UISS.Services.csproj", "{0F94DC2E-68FA-4A0A-B091-1A0902A13F75}"
EndProject
Project("{FAE04EC0-301F-11D3-BF4B-00C04F79EFBC}") = "UISS.Data", "UISS.Data\UISS.Data.csproj", "{96331235-41D5-46B8-A32D-56EAFBCA55FD}"
EndProject
Global
	GlobalSection(SolutionConfigurationPlatforms) = preSolution
		Debug|Any CPU = Debug|Any CPU
		Release|Any CPU = Release|Any CPU
	EndGlobalSection
	GlobalSection(ProjectConfigurationPlatforms) = postSolution
		{3BA1E652-5535-47A8-A27F-312AE0A8CA4C}.Debug|Any CPU.ActiveCfg = Debug|Any CPU
		{3BA1E652-5535-47A8-A27F-312AE0A8CA4C}.Debug|Any CPU.Build.0 = Debug|Any CPU
		{3BA1E652-5535-47A8-A27F-312AE0A8CA4C}.Release|Any CPU.ActiveCfg = Release|Any CPU
		{3BA1E652-5535-47A8-A27F-312AE0A8CA4C}.Release|Any CPU.Build.0 = Release|Any CPU
		{0F94DC2E-68FA-4A0A-B091-1A0902A13F75}.Debug|Any CPU.ActiveCfg = Debug|Any CPU
		{0F94DC2E-68FA-4A0A-B091-1A0902A13F75}.Debug|Any CPU.Build.0 = Debug|Any CPU
		{0F94DC2E-68FA-4A0A-B091-1A0902A13F75}.Release|Any CPU.ActiveCfg = Release|Any CPU
		{0F94DC2E-68FA-4A0A-B091-1A0902A13F75}.Release|Any CPU.Build.0 = Release|Any CPU
		{96331235-41D5-46B8-A32D-56EAFBCA55FD}.Debug|Any CPU.ActiveCfg = Debug|Any CPU
		{96331235-41D5-46B8-A32D-56EAFBCA55FD}.Debug|Any CPU.Build.0 = Debug|Any CPU
		{96331235-41D5-46B8-A32D-56EAFBCA55FD}.Release|Any CPU.ActiveCfg = Release|Any CPU
		{96331235-41D5-46B8-A32D-56EAFBCA55FD}.Release|Any CPU.Build.0 = Release|Any CPU
	EndGlobalSection
	GlobalSection(SolutionProperties) = preSolution
		HideSolutionNode = FALSE
	EndGlobalSection
	GlobalSection(ExtensibilityGlobals) = postSolution
		SolutionGuid = {1541706B-3A25-4AD3-A0EE-0707A93C5DBC}
	EndGlobalSection
EndGlobal
